version = 1
revision = 3
requires-python = ">=3.10"

[[package]]
name = "async-timeout"
version = "4.0.2"
source = { registry = "https://pypi.org/simple" }
sdist = { url = "https://files.pythonhosted.org/packages/54/6e/9678f7b2993537452710ffb1750c62d2c26df438aa621ad5fa9d1507a43a/async-timeout-4.0.2.tar.gz", hash = "sha256:2163e1640ddb52b7a8c80d0a67a08587e5d245cc9c553a74a847056bc2976b15", size = 8221, upload-time = "2021-12-20T09:14:54.85Z" }
wheels = [
    { url = "https://files.pythonhosted.org/packages/d6/c1/8991e7c5385b897b8c020cdaad718c5b087a6626d1d11a23e1ea87e325a7/async_timeout-4.0.2-py3-none-any.whl", hash = "sha256:8ca1e4fcf50d07413d66d1a5e416e42cfdf5851c981d679a09851a6853383b3c", size = 5763, upload-time = "2021-12-20T09:14:53.697Z" },
]

[[package]]
name = "beautifulsoup4"
version = "4.12.2"
source = { registry = "https://pypi.org/simple" }
dependencies = [
    { name = "soupsieve" },
]
sdist = { url = "https://files.pythonhosted.org/packages/af/0b/44c39cf3b18a9280950ad63a579ce395dda4c32193ee9da7ff0aed547094/beautifulsoup4-4.12.2.tar.gz", hash = "sha256:492bbc69dca35d12daac71c4db1bfff0c876c00ef4a2ffacce226d4638eb72da", size = 505113, upload-time = "2023-04-07T15:02:49.038Z" }
wheels = [
    { url = "https://files.pythonhosted.org/packages/57/f4/a69c20ee4f660081a7dedb1ac57f29be9378e04edfcb90c526b923d4bebc/beautifulsoup4-4.12.2-py3-none-any.whl", hash = "sha256:bd2520ca0d9d7d12694a53d44ac482d181b4ec1888909b035a3dbf40d0f57d4a", size = 142979, upload-time = "2023-04-07T15:02:50.77Z" },
]

[[package]]
name = "bs4"
version = "0.0.1"
source = { registry = "https://pypi.org/simple" }
dependencies = [
    { name = "beautifulsoup4" },
]
sdist = { url = "https://files.pythonhosted.org/packages/10/ed/7e8b97591f6f456174139ec089c769f89a94a1a4025fe967691de971f314/bs4-0.0.1.tar.gz", hash = "sha256:36ecea1fd7cc5c0c6e4a1ff075df26d50da647b75376626cc186e2212886dd3a", size = 1121, upload-time = "2016-03-03T13:25:12.284Z" }

[[package]]
name = "cachelib"
version = "0.9.0"
source = { registry = "https://pypi.org/simple" }
sdist = { url = "https://files.pythonhosted.org/packages/79/f2/1c76df4d295789bbc836eea50b813d64f86e640c29fe8f0a3686e9c4e3e9/cachelib-0.9.0.tar.gz", hash = "sha256:38222cc7c1b79a23606de5c2607f4925779e37cdcea1c2ad21b8bae94b5425a5", size = 21007, upload-time = "2022-06-26T17:56:58.916Z" }
wheels = [
    { url = "https://files.pythonhosted.org/packages/93/70/58e525451478055b0fd2859b22226888a6985d404fe65e014fc4893d3b75/cachelib-0.9.0-py3-none-any.whl", hash = "sha256:811ceeb1209d2fe51cd2b62810bd1eccf70feba5c52641532498be5c675493b3", size = 15716, upload-time = "2022-06-26T17:56:57.055Z" },
]

[[package]]
name = "certifi"
version = "2022.12.7"
source = { registry = "https://pypi.org/simple" }
sdist = { url = "https://files.pythonhosted.org/packages/37/f7/2b1b0ec44fdc30a3d31dfebe52226be9ddc40cd6c0f34ffc8923ba423b69/certifi-2022.12.7.tar.gz", hash = "sha256:35824b4c3a97115964b408844d64aa14db1cc518f6562e8d7261699d1350a9e3", size = 156897, upload-time = "2022-12-07T20:13:22.081Z" }
wheels = [
    { url = "https://files.pythonhosted.org/packages/71/4c/3db2b8021bd6f2f0ceb0e088d6b2d49147671f25832fb17970e9b583d742/certifi-2022.12.7-py3-none-any.whl", hash = "sha256:4ad3232f5e926d6718ec31cfc1fcadfde020920e278684144551c91769c7bc18", size = 155255, upload-time = "2022-12-07T20:13:19.428Z" },
]

[[package]]
name = "charset-normalizer"
version = "3.1.0"
source = { registry = "https://pypi.org/simple" }
sdist = { url = "https://files.pythonhosted.org/packages/ff/d7/8d757f8bd45be079d76309248845a04f09619a7b17d6dfc8c9ff6433cac2/charset-normalizer-3.1.0.tar.gz", hash = "sha256:34e0a2f9c370eb95597aae63bf85eb5e96826d81e3dcf88b8886012906f509b5", size = 95987, upload-time = "2023-03-06T09:49:37.964Z" }
wheels = [
    { url = "https://files.pythonhosted.org/packages/4f/a2/9031ba4a008e11a21d7b7aa41751290d2f2035a2f14ecb6e589771a17c47/charset_normalizer-3.1.0-cp310-cp310-macosx_10_9_universal2.whl", hash = "sha256:e0ac8959c929593fee38da1c2b64ee9778733cdf03c482c9ff1d508b6b593b2b", size = 202016, upload-time = "2023-03-06T09:48:01.969Z" },
    { url = "https://files.pythonhosted.org/packages/67/df/660e9665ace7ad711e275194a86cb757fb4d4e513fae5ff3d39573db4984/charset_normalizer-3.1.0-cp310-cp310-macosx_10_9_x86_64.whl", hash = "sha256:d7fc3fca01da18fbabe4625d64bb612b533533ed10045a2ac3dd194bfa656b60", size = 124833, upload-time = "2023-03-06T09:48:03.549Z" },
    { url = "https://files.pythonhosted.org/packages/c6/ab/43ea052756b2f2dcb6a131897811c0e2704b0288f090336217d3346cd682/charset_normalizer-3.1.0-cp310-cp310-macosx_11_0_arm64.whl", hash = "sha256:04eefcee095f58eaabe6dc3cc2262f3bcd776d2c67005880894f447b3f2cb9c1", size = 123014, upload-time = "2023-03-06T09:48:05.112Z" },
    { url = "https://files.pythonhosted.org/packages/6d/59/59a3f4d8a59ee270da77f9e954a0e284c9d6884d39ec69d696d9aa5ff2f2/charset_normalizer-3.1.0-cp310-cp310-manylinux_2_17_aarch64.manylinux2014_aarch64.whl", hash = "sha256:20064ead0717cf9a73a6d1e779b23d149b53daf971169289ed2ed43a71e8d3b0", size = 195883, upload-time = "2023-03-06T09:48:06.672Z" },
    { url = "https://files.pythonhosted.org/packages/69/22/66351781e668158feef71c5e3b059a79ecc9efc3ef84a45888b0f3a933d5/charset_normalizer-3.1.0-cp310-cp310-manylinux_2_17_ppc64le.manylinux2014_ppc64le.whl", hash = "sha256:1435ae15108b1cb6fffbcea2af3d468683b7afed0169ad718451f8db5d1aff6f", size = 209435, upload-time = "2023-03-06T09:48:07.79Z" },
    { url = "https://files.pythonhosted.org/packages/72/90/667a6bc6abe42fc10adf4cd2c1e1c399d78e653dbac4c8018350843d4ab7/charset_normalizer-3.1.0-cp310-cp310-manylinux_2_17_s390x.manylinux2014_s390x.whl", hash = "sha256:c84132a54c750fda57729d1e2599bb598f5fa0344085dbde5003ba429a4798c0", size = 199153, upload-time = "2023-03-06T09:48:09.453Z" },
    { url = "https://files.pythonhosted.org/packages/cc/f6/21a66e524658bd1dd7b89ac9d1ee8f7823f2d9701a2fbc458ab9ede53c63/charset_normalizer-3.1.0-cp310-cp310-manylinux_2_17_x86_64.manylinux2014_x86_64.whl", hash = "sha256:75f2568b4189dda1c567339b48cba4ac7384accb9c2a7ed655cd86b04055c795", size = 199292, upload-time = "2023-03-06T09:48:11.097Z" },
    { url = "https://files.pythonhosted.org/packages/bb/dc/58fdef3ab85e8e7953a8b89ef1d2c06938b8ad88d9617f22967e1a90e6b8/charset_normalizer-3.1.0-cp310-cp310-manylinux_2_5_i686.manylinux1_i686.manylinux_2_17_i686.manylinux2014_i686.whl", hash = "sha256:11d3bcb7be35e7b1bba2c23beedac81ee893ac9871d0ba79effc7fc01167db6c", size = 200728, upload-time = "2023-03-06T09:48:12.684Z" },
    { url = "https://files.pythonhosted.org/packages/c2/35/dfb4032f5712747d3dcfdd19d0768f6d8f60910ae24ed066ecbf442be013/charset_normalizer-3.1.0-cp310-cp310-musllinux_1_1_aarch64.whl", hash = "sha256:891cf9b48776b5c61c700b55a598621fdb7b1e301a550365571e9624f270c203", size = 192709, upload-time = "2023-03-06T09:48:13.78Z" },
    { url = "https://files.pythonhosted.org/packages/f2/d7/6ee92c11eda3f3c9cac1e059901092bfdf07388be7d2e60ac627527eee62/charset_normalizer-3.1.0-cp310-cp310-musllinux_1_1_i686.whl", hash = "sha256:5f008525e02908b20e04707a4f704cd286d94718f48bb33edddc7d7b584dddc1", size = 194349, upload-time = "2023-03-06T09:48:15.475Z" },
    { url = "https://files.pythonhosted.org/packages/23/13/cf5d7bb5bc95f120df64d6c470581189df51d7f011560b2a06a395b7a120/charset_normalizer-3.1.0-cp310-cp310-musllinux_1_1_ppc64le.whl", hash = "sha256:b06f0d3bf045158d2fb8837c5785fe9ff9b8c93358be64461a1089f5da983137", size = 205122, upload-time = "2023-03-06T09:48:16.633Z" },
    { url = "https://files.pythonhosted.org/packages/74/f1/d0b8385b574f7e086fb6709e104b696707bd3742d54a6caf0cebbb7e975b/charset_normalizer-3.1.0-cp310-cp310-musllinux_1_1_s390x.whl", hash = "sha256:49919f8400b5e49e961f320c735388ee686a62327e773fa5b3ce6721f7e785ce", size = 195332, upload-time = "2023-03-06T09:48:17.894Z" },
    { url = "https://files.pythonhosted.org/packages/f4/0a/8c03913ed1eca9d831db0c28759edb6ce87af22bb55dbc005a52525a75b6/charset_normalizer-3.1.0-cp310-cp310-musllinux_1_1_x86_64.whl", hash = "sha256:22908891a380d50738e1f978667536f6c6b526a2064156203d418f4856d6e86a", size = 192813, upload-time = "2023-03-06T09:48:19.457Z" },
    { url = "https://files.pythonhosted.org/packages/2e/25/3eab2b38fef9ae59f7b4e9c1e62eb50609d911867e5acabace95fe25c0b1/charset_normalizer-3.1.0-cp310-cp310-win32.whl", hash = "sha256:12d1a39aa6b8c6f6248bb54550efcc1c38ce0d8096a146638fd4738e42284448", size = 89472, upload-time = "2023-03-06T09:48:20.694Z" },
    { url = "https://files.pythonhosted.org/packages/05/f3/86b5fcb5c8fe8b4231362918a7c4d8f549c56561c5fdb495a3c5b41c6862/charset_normalizer-3.1.0-cp310-cp310-win_amd64.whl", hash = "sha256:65ed923f84a6844de5fd29726b888e58c62820e0769b76565480e1fdc3d062f8", size = 97074, upload-time = "2023-03-06T09:48:21.767Z" },
    { url = "https://files.pythonhosted.org/packages/e1/7c/398600268fc98b7e007f5a716bd60903fff1ecff75e45f5700212df5cd76/charset_normalizer-3.1.0-cp311-cp311-macosx_10_9_universal2.whl", hash = "sha256:9a3267620866c9d17b959a84dd0bd2d45719b817245e49371ead79ed4f710d19", size = 199439, upload-time = "2023-03-06T09:48:23.393Z" },
    { url = "https://files.pythonhosted.org/packages/0a/67/8d3d162ec6641911879651cdef670c3c6136782b711d7f8e82e2fffe06e0/charset_normalizer-3.1.0-cp311-cp311-macosx_10_9_x86_64.whl", hash = "sha256:6734e606355834f13445b6adc38b53c0fd45f1a56a9ba06c2058f86893ae8017", size = 123737, upload-time = "2023-03-06T09:48:25.059Z" },
    { url = "https://files.pythonhosted.org/packages/85/e8/18d408d8fe29a56012c10d6b15960940b83f06620e9d7481581cdc6d9901/charset_normalizer-3.1.0-cp311-cp311-macosx_11_0_arm64.whl", hash = "sha256:f8303414c7b03f794347ad062c0516cee0e15f7a612abd0ce1e25caf6ceb47df", size = 121686, upload-time = "2023-03-06T09:48:26.156Z" },
    { url = "https://files.pythonhosted.org/packages/9e/62/a1e0a8f8830c92014602c8a88a1a20b8a68d636378077381f671e6e1cec9/charset_normalizer-3.1.0-cp311-cp311-manylinux_2_17_aarch64.manylinux2014_aarch64.whl", hash = "sha256:aaf53a6cebad0eae578f062c7d462155eada9c172bd8c4d250b8c1d8eb7f916a", size = 193978, upload-time = "2023-03-06T09:48:27.266Z" },
    { url = "https://files.pythonhosted.org/packages/12/12/c5c39f5a149cd6788d2e40cea5618bae37380e2754fcdf53dc9e01bdd33a/charset_normalizer-3.1.0-cp311-cp311-manylinux_2_17_ppc64le.manylinux2014_ppc64le.whl", hash = "sha256:3dc5b6a8ecfdc5748a7e429782598e4f17ef378e3e272eeb1340ea57c9109f41", size = 207518, upload-time = "2023-03-06T09:48:28.407Z" },
    { url = "https://files.pythonhosted.org/packages/d7/4c/37ad75674e8c6bc22ab01bef673d2d6e46ee44203498c9a26aa23959afe5/charset_normalizer-3.1.0-cp311-cp311-manylinux_2_17_s390x.manylinux2014_s390x.whl", hash = "sha256:e1b25e3ad6c909f398df8921780d6a3d120d8c09466720226fc621605b6f92b1", size = 197713, upload-time = "2023-03-06T09:48:29.523Z" },
    { url = "https://files.pythonhosted.org/packages/18/36/7ae10a3dd7f9117b61180671f8d1e4802080cca88ad40aaabd3dad8bab0e/charset_normalizer-3.1.0-cp311-cp311-manylinux_2_17_x86_64.manylinux2014_x86_64.whl", hash = "sha256:0ca564606d2caafb0abe6d1b5311c2649e8071eb241b2d64e75a0d0065107e62", size = 197270, upload-time = "2023-03-06T09:48:30.656Z" },
    { url = "https://files.pythonhosted.org/packages/16/58/19fd2f62e6ff44ba0db0cd44b584790555e2cde09293149f4409d654811b/charset_normalizer-3.1.0-cp311-cp311-manylinux_2_5_i686.manylinux1_i686.manylinux_2_17_i686.manylinux2014_i686.whl", hash = "sha256:b82fab78e0b1329e183a65260581de4375f619167478dddab510c6c6fb04d9b6", size = 198541, upload-time = "2023-03-06T09:48:32.284Z" },
    { url = "https://files.pythonhosted.org/packages/c9/8c/a76dd9f2c8803eb147e1e715727f5c3ba0ef39adaadf66a7b3698c113180/charset_normalizer-3.1.0-cp311-cp311-musllinux_1_1_aarch64.whl", hash = "sha256:bd7163182133c0c7701b25e604cf1611c0d87712e56e88e7ee5d72deab3e76b5", size = 190663, upload-time = "2023-03-06T09:48:33.481Z" },
    { url = "https://files.pythonhosted.org/packages/21/16/1b0d8fdcb81bbf180976af4f867ce0f2244d303ab10d452fde361dec3b5c/charset_normalizer-3.1.0-cp311-cp311-musllinux_1_1_i686.whl", hash = "sha256:11d117e6c63e8f495412d37e7dc2e2fff09c34b2d09dbe2bee3c6229577818be", size = 192306, upload-time = "2023-03-06T09:48:34.587Z" },
    { url = "https://files.pythonhosted.org/packages/5d/2b/4d8c80400c04ae3c8dbc847de092e282b5c7b17f8f9505d68bb3e5815c71/charset_normalizer-3.1.0-cp311-cp311-musllinux_1_1_ppc64le.whl", hash = "sha256:cf6511efa4801b9b38dc5546d7547d5b5c6ef4b081c60b23e4d941d0eba9cbeb", size = 202834, upload-time = "2023-03-06T09:48:35.73Z" },
    { url = "https://files.pythonhosted.org/packages/e5/aa/9d2d60d6a566423da96c15cd11cbb88a70f9aff9a4db096094ee19179cab/charset_normalizer-3.1.0-cp311-cp311-musllinux_1_1_s390x.whl", hash = "sha256:abc1185d79f47c0a7aaf7e2412a0eb2c03b724581139193d2d82b3ad8cbb00ac", size = 193463, upload-time = "2023-03-06T09:48:36.882Z" },
    { url = "https://files.pythonhosted.org/packages/56/24/5f2dedcf3d0673931b6200c410832ae44b376848bc899dbf1fa6c91c4ebe/charset_normalizer-3.1.0-cp311-cp311-musllinux_1_1_x86_64.whl", hash = "sha256:cb7b2ab0188829593b9de646545175547a70d9a6e2b63bf2cd87a0a391599324", size = 190959, upload-time = "2023-03-06T09:48:38.059Z" },
    { url = "https://files.pythonhosted.org/packages/bc/08/7e7c97399806366ca515a049c3a1e4b644a6a2048bed16e5e67bfaafd0aa/charset_normalizer-3.1.0-cp311-cp311-win32.whl", hash = "sha256:c36bcbc0d5174a80d6cccf43a0ecaca44e81d25be4b7f90f0ed7bcfbb5a00909", size = 89241, upload-time = "2023-03-06T09:48:39.649Z" },
    { url = "https://files.pythonhosted.org/packages/ad/83/994bfca99e29f1bab66b9248e739360ee70b5aae0a5ee488cd776501edbc/charset_normalizer-3.1.0-cp311-cp311-win_amd64.whl", hash = "sha256:cca4def576f47a09a943666b8f829606bcb17e2bc2d5911a46c8f8da45f56755", size = 96688, upload-time = "2023-03-06T09:48:40.77Z" },
    { url = "https://files.pythonhosted.org/packages/ef/81/14b3b8f01ddaddad6cdec97f2f599aa2fa466bd5ee9af99b08b7713ccd29/charset_normalizer-3.1.0-py3-none-any.whl", hash = "sha256:3d9098b479e78c85080c98e1e35ff40b4a31d8953102bb0fd7d1b6f8a2111a3d", size = 46166, upload-time = "2023-03-06T09:49:36.848Z" },
]

[[package]]
name = "click"
version = "8.1.3"
source = { registry = "https://pypi.org/simple" }
dependencies = [
    { name = "colorama", marker = "sys_platform == 'win32'" },
]
sdist = { url = "https://files.pythonhosted.org/packages/59/87/84326af34517fca8c58418d148f2403df25303e02736832403587318e9e8/click-8.1.3.tar.gz", hash = "sha256:7682dc8afb30297001674575ea00d1814d808d6a36af415a82bd481d37ba7b8e", size = 331147, upload-time = "2022-04-28T17:36:09.097Z" }
wheels = [
    { url = "https://files.pythonhosted.org/packages/c2/f1/df59e28c642d583f7dacffb1e0965d0e00b218e0186d7858ac5233dce840/click-8.1.3-py3-none-any.whl", hash = "sha256:bb4d8133cb15a609f44e8213d9b391b0809795062913b383c62be0ee95b1db48", size = 96588, upload-time = "2022-04-28T17:36:06.952Z" },
]

[[package]]
name = "colorama"
version = "0.4.6"
source = { registry = "https://pypi.org/simple" }
sdist = { url = "https://files.pythonhosted.org/packages/d8/53/6f443c9a4a8358a93a6792e2acffb9d9d5cb0a5cfd8802644b7b1c9a02e4/colorama-0.4.6.tar.gz", hash = "sha256:08695f5cb7ed6e0531a20572697297273c47b8cae5a63ffc6d6ed5c201be6e44", size = 27697, upload-time = "2022-10-25T02:36:22.414Z" }
wheels = [
    { url = "https://files.pythonhosted.org/packages/d1/d6/3965ed04c63042e047cb6a3e6ed1a63a35087b6a609aa3a15ed8ac56c221/colorama-0.4.6-py2.py3-none-any.whl", hash = "sha256:4f1d9991f5acc0ca119f9d443620b77f9d6b33703e51011c16baf57afb285fc6", size = 25335, upload-time = "2022-10-25T02:36:20.889Z" },
]

[[package]]
name = "drip-api"
version = "0.1.0"
source = { virtual = "." }
dependencies = [
    { name = "async-timeout" },
    { name = "beautifulsoup4" },
    { name = "bs4" },
    { name = "cachelib" },
    { name = "certifi" },
    { name = "charset-normalizer" },
    { name = "click" },
    { name = "flask" },
    { name = "flask-caching" },
    { name = "flask-cors" },
    { name = "idna" },
    { name = "itsdangerous" },
    { name = "jinja2" },
    { name = "markupsafe" },
    { name = "pytz" },
    { name = "redis" },
    { name = "requests" },
    { name = "soupsieve" },
    { name = "urllib3" },
    { name = "werkzeug" },
]

[package.metadata]
requires-dist = [
    { name = "async-timeout", specifier = "==4.0.2" },
    { name = "beautifulsoup4", specifier = "==4.12.2" },
    { name = "bs4", specifier = "==0.0.1" },
    { name = "cachelib", specifier = "==0.9.0" },
    { name = "certifi", specifier = "==2022.12.7" },
    { name = "charset-normalizer", specifier = "==3.1.0" },
    { name = "click", specifier = "==8.1.3" },
    { name = "flask", specifier = "==2.2.3" },
    { name = "flask-caching", specifier = "==2.0.2" },
    { name = "flask-cors", specifier = "==4.0.0" },
    { name = "idna", specifier = "==3.4" },
    { name = "itsdangerous", specifier = "==2.1.2" },
    { name = "jinja2", specifier = "==3.1.2" },
    { name = "markupsafe", specifier = "==2.1.2" },
    { name = "pytz", specifier = "==2023.3" },
    { name = "redis", specifier = "==4.5.5" },
    { name = "requests", specifier = "==2.28.2" },
    { name = "soupsieve", specifier = "==2.4" },
    { name = "urllib3", specifier = "==1.26.15" },
    { name = "werkzeug", specifier = "==2.2.3" },
]

[[package]]
name = "flask"
version = "2.2.3"
source = { registry = "https://pypi.org/simple" }
dependencies = [
    { name = "click" },
    { name = "itsdangerous" },
    { name = "jinja2" },
    { name = "werkzeug" },
]
sdist = { url = "https://files.pythonhosted.org/packages/e8/5c/ff9047989bd995b1098d14b03013f160225db2282925b517bb4a967752ee/Flask-2.2.3.tar.gz", hash = "sha256:7eb373984bf1c770023fce9db164ed0c3353cd0b53f130f4693da0ca756a2e6d", size = 697599, upload-time = "2023-02-15T22:43:57.265Z" }
wheels = [
    { url = "https://files.pythonhosted.org/packages/95/9c/a3542594ce4973786236a1b7b702b8ca81dbf40ea270f0f96284f0c27348/Flask-2.2.3-py3-none-any.whl", hash = "sha256:c0bec9477df1cb867e5a67c9e1ab758de9cb4a3e52dd70681f59fa40a62b3f2d", size = 101839, upload-time = "2023-02-15T22:43:55.501Z" },
]

[[package]]
name = "flask-caching"
version = "2.0.2"
source = { registry = "https://pypi.org/simple" }
dependencies = [
    { name = "cachelib" },
    { name = "flask" },
]
sdist = { url = "https://files.pythonhosted.org/packages/0c/7c/64cf01e0c2c89927b386c98a107b6e400dbc24f3ac60639e95032c367f81/Flask-Caching-2.0.2.tar.gz", hash = "sha256:24b60c552d59a9605cc1b6a42c56cdb39a82a28dab4532bbedb9222ae54ecb4e", size = 66617, upload-time = "2023-01-12T17:45:30.691Z" }
wheels = [
    { url = "https://files.pythonhosted.org/packages/fe/99/9fb5a680701b695e5e375d902586bea2704ad5517c8aa9c4225f13db131a/Flask_Caching-2.0.2-py3-none-any.whl", hash = "sha256:19571f2570e9b8dd9dd9d2f49d7cbee69c14ebe8cc001100b1eb98c379dd80ad", size = 28752, upload-time = "2023-01-12T17:45:29.155Z" },
]

[[package]]
name = "flask-cors"
version = "4.0.0"
source = { registry = "https://pypi.org/simple" }
dependencies = [
    { name = "flask" },
]
sdist = { url = "https://files.pythonhosted.org/packages/c8/b0/bd7130837a921497520f62023c7ba754e441dcedf959a43e6d1fd86e5451/Flask-Cors-4.0.0.tar.gz", hash = "sha256:f268522fcb2f73e2ecdde1ef45e2fd5c71cc48fe03cffb4b441c6d1b40684eb0", size = 29934, upload-time = "2023-06-26T05:38:46.364Z" }
wheels = [
    { url = "https://files.pythonhosted.org/packages/10/69/1e6cfb87117568a9de088c32d6258219e9d1ff7c131abf74249ef2031279/Flask_Cors-4.0.0-py2.py3-none-any.whl", hash = "sha256:bc3492bfd6368d27cfe79c7821df5a8a319e1a6d5eab277a3794be19bdc51783", size = 14273, upload-time = "2023-06-26T05:38:44.733Z" },
]

[[package]]
name = "idna"
version = "3.4"
source = { registry = "https://pypi.org/simple" }
sdist = { url = "https://files.pythonhosted.org/packages/8b/e1/43beb3d38dba6cb420cefa297822eac205a277ab43e5ba5d5c46faf96438/idna-3.4.tar.gz", hash = "sha256:814f528e8dead7d329833b91c5faa87d60bf71824cd12a7530b5526063d02cb4", size = 183077, upload-time = "2022-09-14T00:24:27.719Z" }
wheels = [
    { url = "https://files.pythonhosted.org/packages/fc/34/3030de6f1370931b9dbb4dad48f6ab1015ab1d32447850b9fc94e60097be/idna-3.4-py3-none-any.whl", hash = "sha256:90b77e79eaa3eba6de819a0c442c0b4ceefc341a7a2ab77d7562bf49f425c5c2", size = 61538, upload-time = "2022-09-14T00:24:23.22Z" },
]

[[package]]
name = "itsdangerous"
version = "2.1.2"
source = { registry = "https://pypi.org/simple" }
sdist = { url = "https://files.pythonhosted.org/packages/7f/a1/d3fb83e7a61fa0c0d3d08ad0a94ddbeff3731c05212617dff3a94e097f08/itsdangerous-2.1.2.tar.gz", hash = "sha256:5dbbc68b317e5e42f327f9021763545dc3fc3bfe22e6deb96aaf1fc38874156a", size = 56143, upload-time = "2022-03-24T15:12:15.102Z" }
wheels = [
    { url = "https://files.pythonhosted.org/packages/68/5f/447e04e828f47465eeab35b5d408b7ebaaaee207f48b7136c5a7267a30ae/itsdangerous-2.1.2-py3-none-any.whl", hash = "sha256:2c2349112351b88699d8d4b6b075022c0808887cb7ad10069318a8b0bc88db44", size = 15749, upload-time = "2022-03-24T15:12:13.2Z" },
]

[[package]]
name = "jinja2"
version = "3.1.2"
source = { registry = "https://pypi.org/simple" }
dependencies = [
    { name = "markupsafe" },
]
sdist = { url = "https://files.pythonhosted.org/packages/7a/ff/75c28576a1d900e87eb6335b063fab47a8ef3c8b4d88524c4bf78f670cce/Jinja2-3.1.2.tar.gz", hash = "sha256:31351a702a408a9e7595a8fc6150fc3f43bb6bf7e319770cbc0db9df9437e852", size = 268239, upload-time = "2022-04-28T17:21:27.579Z" }
wheels = [
    { url = "https://files.pythonhosted.org/packages/bc/c3/f068337a370801f372f2f8f6bad74a5c140f6fda3d9de154052708dd3c65/Jinja2-3.1.2-py3-none-any.whl", hash = "sha256:6088930bfe239f0e6710546ab9c19c9ef35e29792895fed6e6e31a023a182a61", size = 133101, upload-time = "2022-04-28T17:21:25.336Z" },
]

[[package]]
name = "markupsafe"
version = "2.1.2"
source = { registry = "https://pypi.org/simple" }
sdist = { url = "https://files.pythonhosted.org/packages/95/7e/68018b70268fb4a2a605e2be44ab7b4dd7ce7808adae6c5ef32e34f4b55a/MarkupSafe-2.1.2.tar.gz", hash = "sha256:abcabc8c2b26036d62d4c746381a6f7cf60aafcc653198ad678306986b09450d", size = 19080, upload-time = "2023-01-17T18:23:59.903Z" }
wheels = [
    { url = "https://files.pythonhosted.org/packages/37/b2/6f4d5cac75ba6fe9f17671304fe339ea45a73c5609b5f5e652aa79c915c8/MarkupSafe-2.1.2-cp310-cp310-macosx_10_9_universal2.whl", hash = "sha256:665a36ae6f8f20a4676b53224e33d456a6f5a72657d9c83c2aa00765072f31f7", size = 17750, upload-time = "2023-01-17T18:22:52.787Z" },
    { url = "https://files.pythonhosted.org/packages/34/19/64b0abc021b22766e86efee32b0e2af684c4b731ce8ac1d519c791800c13/MarkupSafe-2.1.2-cp310-cp310-macosx_10_9_x86_64.whl", hash = "sha256:340bea174e9761308703ae988e982005aedf427de816d1afe98147668cc03036", size = 13620, upload-time = "2023-01-17T18:22:54.277Z" },
    { url = "https://files.pythonhosted.org/packages/5e/f6/8eb8a5692c1986b6e863877b0b8a83628aff14e5fbfaf11d9522b532bd9d/MarkupSafe-2.1.2-cp310-cp310-manylinux_2_17_aarch64.manylinux2014_aarch64.whl", hash = "sha256:22152d00bf4a9c7c83960521fc558f55a1adbc0631fbb00a9471e097b19d72e1", size = 26398, upload-time = "2023-01-17T18:22:55.523Z" },
    { url = "https://files.pythonhosted.org/packages/3d/66/2f636ba803fd6eb4cee7b3106ae02538d1e84a7fb7f4f8775c6528a87d31/MarkupSafe-2.1.2-cp310-cp310-manylinux_2_17_x86_64.manylinux2014_x86_64.whl", hash = "sha256:28057e985dace2f478e042eaa15606c7efccb700797660629da387eb289b9323", size = 25592, upload-time = "2023-01-17T18:22:57.179Z" },
    { url = "https://files.pythonhosted.org/packages/30/3e/0a69a24adb38df83e2f6989c38d68627a5f27181c82ecaa1fd03d1236dca/MarkupSafe-2.1.2-cp310-cp310-manylinux_2_5_i686.manylinux1_i686.manylinux_2_17_i686.manylinux2014_i686.whl", hash = "sha256:ca244fa73f50a800cf8c3ebf7fd93149ec37f5cb9596aa8873ae2c1d23498601", size = 25264, upload-time = "2023-01-17T18:22:58.898Z" },
    { url = "https://files.pythonhosted.org/packages/93/ca/1c3ae0c6a5712d4ba98610cada03781ea0448436b17d1dcd4759115b15a1/MarkupSafe-2.1.2-cp310-cp310-musllinux_1_1_aarch64.whl", hash = "sha256:d9d971ec1e79906046aa3ca266de79eac42f1dbf3612a05dc9368125952bd1a1", size = 30404, upload-time = "2023-01-17T18:23:00.076Z" },
    { url = "https://files.pythonhosted.org/packages/96/92/a873b4a7fa20c2e30bffe883bb560330f3b6ce03aaf278f75f96d161935b/MarkupSafe-2.1.2-cp310-cp310-musllinux_1_1_i686.whl", hash = "sha256:7e007132af78ea9df29495dbf7b5824cb71648d7133cf7848a2a5dd00d36f9ff", size = 29517, upload-time = "2023-01-17T18:23:01.393Z" },
    { url = "https://files.pythonhosted.org/packages/f9/aa/ebcd114deab08f892b1d70badda4436dbad1747f9e5b72cffb3de4c7129d/MarkupSafe-2.1.2-cp310-cp310-musllinux_1_1_x86_64.whl", hash = "sha256:7313ce6a199651c4ed9d7e4cfb4aa56fe923b1adf9af3b420ee14e6d9a73df65", size = 29799, upload-time = "2023-01-17T18:23:03.111Z" },
    { url = "https://files.pythonhosted.org/packages/78/e6/91c9a20a943ea231c59024e181c4c5480097daf132428f2272670974637f/MarkupSafe-2.1.2-cp310-cp310-win32.whl", hash = "sha256:c4a549890a45f57f1ebf99c067a4ad0cb423a05544accaf2b065246827ed9603", size = 16424, upload-time = "2023-01-17T18:23:04.364Z" },
    { url = "https://files.pythonhosted.org/packages/02/2c/18d55e5df6a9ea33709d6c33e08cb2e07d39e20ad05d8c6fbf9c9bcafd54/MarkupSafe-2.1.2-cp310-cp310-win_amd64.whl", hash = "sha256:835fb5e38fd89328e9c81067fd642b3593c33e1e17e2fdbf77f5676abb14a156", size = 16981, upload-time = "2023-01-17T18:23:05.932Z" },
    { url = "https://files.pythonhosted.org/packages/e3/a9/e366665c7eae59c9c9d34b747cd5a3994847719a2304e0c8dec8b604dd98/MarkupSafe-2.1.2-cp311-cp311-macosx_10_9_universal2.whl", hash = "sha256:2ec4f2d48ae59bbb9d1f9d7efb9236ab81429a764dedca114f5fdabbc3788013", size = 17765, upload-time = "2023-01-17T18:23:07.602Z" },
    { url = "https://files.pythonhosted.org/packages/e6/ff/d2378ca3cb3ac4a37af767b820b0f0bf3f5e9193a6acce0eefc379425c1c/MarkupSafe-2.1.2-cp311-cp311-macosx_10_9_x86_64.whl", hash = "sha256:608e7073dfa9e38a85d38474c082d4281f4ce276ac0010224eaba11e929dd53a", size = 13638, upload-time = "2023-01-17T18:23:08.732Z" },
    { url = "https://files.pythonhosted.org/packages/0a/88/78cb3d95afebd183d8b04442685ab4c70cfc1138b850ba20e2a07aff2f53/MarkupSafe-2.1.2-cp311-cp311-manylinux_2_17_aarch64.manylinux2014_aarch64.whl", hash = "sha256:65608c35bfb8a76763f37036547f7adfd09270fbdbf96608be2bead319728fcd", size = 28791, upload-time = "2023-01-17T18:23:09.856Z" },
    { url = "https://files.pythonhosted.org/packages/5a/94/d056bf5dbadf7f4b193ee2a132b3d49ffa1602371e3847518b2982045425/MarkupSafe-2.1.2-cp311-cp311-manylinux_2_17_x86_64.manylinux2014_x86_64.whl", hash = "sha256:f2bfb563d0211ce16b63c7cb9395d2c682a23187f54c3d79bfec33e6705473c6", size = 27993, upload-time = "2023-01-17T18:23:11.064Z" },
    { url = "https://files.pythonhosted.org/packages/79/e2/b818bf277fa6b01244943498cb2127372c01dde5eff7682837cc72740618/MarkupSafe-2.1.2-cp311-cp311-manylinux_2_5_i686.manylinux1_i686.manylinux_2_17_i686.manylinux2014_i686.whl", hash = "sha256:da25303d91526aac3672ee6d49a2f3db2d9502a4a60b55519feb1a4c7714e07d", size = 27531, upload-time = "2023-01-17T18:23:12.161Z" },
    { url = "https://files.pythonhosted.org/packages/cf/c1/d7596976a868fe3487212a382cc121358a53dc8e8d85ff2ee2c3d3b40f04/MarkupSafe-2.1.2-cp311-cp311-musllinux_1_1_aarch64.whl", hash = "sha256:9cad97ab29dfc3f0249b483412c85c8ef4766d96cdf9dcf5a1e3caa3f3661cf1", size = 33766, upload-time = "2023-01-17T18:23:13.901Z" },
    { url = "https://files.pythonhosted.org/packages/04/cf/9464c3c41b7cdb8df660cda75676697e7fb49ce1be7691a1162fc88da078/MarkupSafe-2.1.2-cp311-cp311-musllinux_1_1_i686.whl", hash = "sha256:085fd3201e7b12809f9e6e9bc1e5c96a368c8523fad5afb02afe3c051ae4afcc", size = 32493, upload-time = "2023-01-17T18:23:15.11Z" },
    { url = "https://files.pythonhosted.org/packages/1f/20/76f6337f1e7238a626ab34405ddd634636011b2ff947dcbd8995f16a7776/MarkupSafe-2.1.2-cp311-cp311-musllinux_1_1_x86_64.whl", hash = "sha256:1bea30e9bf331f3fef67e0a3877b2288593c98a21ccb2cf29b74c581a4eb3af0", size = 33089, upload-time = "2023-01-17T18:23:16.254Z" },
    { url = "https://files.pythonhosted.org/packages/19/00/3b8eb0093c885576a1ce7f2263e7b8c01e55b9977433f8246f57cd81b0be/MarkupSafe-2.1.2-cp311-cp311-win32.whl", hash = "sha256:7df70907e00c970c60b9ef2938d894a9381f38e6b9db73c5be35e59d92e06625", size = 16438, upload-time = "2023-01-17T18:23:17.719Z" },
    { url = "https://files.pythonhosted.org/packages/ea/60/2400ba59cf2465fa136487ee7299f52121a9d04b2cf8539ad43ad10e70e8/MarkupSafe-2.1.2-cp311-cp311-win_amd64.whl", hash = "sha256:e55e40ff0cc8cc5c07996915ad367fa47da6b3fc091fdadca7f5403239c5fec3", size = 16989, upload-time = "2023-01-17T18:23:19.32Z" },
]

[[package]]
name = "pytz"
version = "2023.3"
source = { registry = "https://pypi.org/simple" }
sdist = { url = "https://files.pythonhosted.org/packages/5e/32/12032aa8c673ee16707a9b6cdda2b09c0089131f35af55d443b6a9c69c1d/pytz-2023.3.tar.gz", hash = "sha256:1d8ce29db189191fb55338ee6d0387d82ab59f3d00eac103412d64e0ebd0c588", size = 317095, upload-time = "2023-03-29T04:23:28.655Z" }
wheels = [
    { url = "https://files.pythonhosted.org/packages/7f/99/ad6bd37e748257dd70d6f85d916cafe79c0b0f5e2e95b11f7fbc82bf3110/pytz-2023.3-py2.py3-none-any.whl", hash = "sha256:a151b3abb88eda1d4e34a9814df37de2a80e301e68ba0fd856fb9b46bfbbbffb", size = 502345, upload-time = "2023-03-29T04:23:25.307Z" },
]

[[package]]
name = "redis"
version = "4.5.5"
source = { registry = "https://pypi.org/simple" }
dependencies = [
    { name = "async-timeout", marker = "python_full_version <= '3.11.2'" },
]
sdist = { url = "https://files.pythonhosted.org/packages/53/30/128c5599bc3fa61488866be0228326b3e486be34480126f70e572043adf8/redis-4.5.5.tar.gz", hash = "sha256:dc87a0bdef6c8bfe1ef1e1c40be7034390c2ae02d92dcd0c7ca1729443899880", size = 4557115, upload-time = "2023-05-08T12:04:07.179Z" }
wheels = [
    { url = "https://files.pythonhosted.org/packages/e0/7f/21a09f8c9f5db6f5e24432f7a0f916ca386025d74e4da6d0f5164aa9a78a/redis-4.5.5-py3-none-any.whl", hash = "sha256:77929bc7f5dab9adf3acba2d3bb7d7658f1e0c2f1cafe7eb36434e751c471119", size = 240338, upload-time = "2023-05-08T12:04:05.568Z" },
]

[[package]]
name = "requests"
version = "2.28.2"
source = { registry = "https://pypi.org/simple" }
dependencies = [
    { name = "certifi" },
    { name = "charset-normalizer" },
    { name = "idna" },
    { name = "urllib3" },
]
sdist = { url = "https://files.pythonhosted.org/packages/9d/ee/391076f5937f0a8cdf5e53b701ffc91753e87b07d66bae4a09aa671897bf/requests-2.28.2.tar.gz", hash = "sha256:98b1b2782e3c6c4904938b84c0eb932721069dfdb9134313beff7c83c2df24bf", size = 108206, upload-time = "2023-01-12T16:24:54.687Z" }
wheels = [
    { url = "https://files.pythonhosted.org/packages/d2/f4/274d1dbe96b41cf4e0efb70cbced278ffd61b5c7bb70338b62af94ccb25b/requests-2.28.2-py3-none-any.whl", hash = "sha256:64299f4909223da747622c030b781c0d7811e359c37124b4bd368fb8c6518baa", size = 62822, upload-time = "2023-01-12T16:24:52.241Z" },
]

[[package]]
name = "soupsieve"
version = "2.4"
source = { registry = "https://pypi.org/simple" }
sdist = { url = "https://files.pythonhosted.org/packages/1b/cb/34933ebdd6bf6a77daaa0bd04318d61591452eb90ecca4def947e3cb2165/soupsieve-2.4.tar.gz", hash = "sha256:e28dba9ca6c7c00173e34e4ba57448f0688bb681b7c5e8bf4971daafc093d69a", size = 101268, upload-time = "2023-02-14T16:32:50.984Z" }
wheels = [
    { url = "https://files.pythonhosted.org/packages/d2/70/2c92d7bc961ba43b7b21032b7622144de5f97dec14b62226533f6940798e/soupsieve-2.4-py3-none-any.whl", hash = "sha256:49e5368c2cda80ee7e84da9dbe3e110b70a4575f196efb74e51b94549d921955", size = 37021, upload-time = "2023-02-14T16:32:49.49Z" },
]

[[package]]
name = "urllib3"
version = "1.26.15"
source = { registry = "https://pypi.org/simple" }
sdist = { url = "https://files.pythonhosted.org/packages/21/79/6372d8c0d0641b4072889f3ff84f279b738cd8595b64c8e0496d4e848122/urllib3-1.26.15.tar.gz", hash = "sha256:8a388717b9476f934a21484e8c8e61875ab60644d29b9b39e11e4b9dc1c6b305", size = 301444, upload-time = "2023-03-11T00:01:41.302Z" }
wheels = [
    { url = "https://files.pythonhosted.org/packages/7b/f5/890a0baca17a61c1f92f72b81d3c31523c99bec609e60c292ea55b387ae8/urllib3-1.26.15-py2.py3-none-any.whl", hash = "sha256:aa751d169e23c7479ce47a0cb0da579e3ede798f994f5816a74e4f4500dcea42", size = 140881, upload-time = "2023-03-11T00:01:39.031Z" },
]

[[package]]
name = "werkzeug"
version = "2.2.3"
source = { registry = "https://pypi.org/simple" }
dependencies = [
    { name = "markupsafe" },
]
sdist = { url = "https://files.pythonhosted.org/packages/02/3c/baaebf3235c87d61d6593467056d5a8fba7c75ac838b8d100a5e64eba7a0/Werkzeug-2.2.3.tar.gz", hash = "sha256:2e1ccc9417d4da358b9de6f174e3ac094391ea1d4fbef2d667865d819dfd0afe", size = 845884, upload-time = "2023-02-14T17:18:44.177Z" }
wheels = [
    { url = "https://files.pythonhosted.org/packages/f6/f8/9da63c1617ae2a1dec2fbf6412f3a0cfe9d4ce029eccbda6e1e4258ca45f/Werkzeug-2.2.3-py3-none-any.whl", hash = "sha256:56433961bc1f12533306c624f3be5e744389ac61d722175d543e1751285da612", size = 233551, upload-time = "2023-02-14T17:18:42.614Z" },
]
